<?xml version="1.0" encoding="utf-8"?>
<Project ToolsVersion="4.0" xmlns="http://schemas.microsoft.com/developer/msbuild/2003">
  <ItemGroup>
    <Filter Include="源文件">
      <UniqueIdentifier>{4FC737F1-C7A5-4376-A066-2A32D752A2FF}</UniqueIdentifier>
      <Extensions>cpp;c;cc;cxx;def;odl;idl;hpj;bat;asm;asmx</Extensions>
    </Filter>
    <Filter Include="头文件">
      <UniqueIdentifier>{93995380-89BD-4b04-88EB-625FBE52EBFB}</UniqueIdentifier>
      <Extensions>h;hh;hpp;hxx;hm;inl;inc;ipp;xsd</Extensions>
    </Filter>
    <Filter Include="资源文件">
      <UniqueIdentifier>{67DA6AB6-F800-4c08-8B7A-83BB121AAD01}</UniqueIdentifier>
      <Extensions>rc;ico;cur;bmp;dlg;rc2;rct;bin;rgs;gif;jpg;jpeg;jpe;resx;tiff;tif;png;wav;mfcribbon-ms</Extensions>
    </Filter>
  </ItemGroup>
  <ItemGroup>
    <ClCompile Include="src\glad.c">
      <Filter>源文件</Filter>
    </ClCompile>
    <ClCompile Include="src\Application.cpp">
      <Filter>源文件</Filter>
    </ClCompile>
    <ClCompile Include="src\primer\HelloTriangle\HelloTriangle.cpp">
      <Filter>源文件</Filter>
    </ClCompile>
    <ClCompile Include="src\tools\shader.cpp">
      <Filter>源文件</Filter>
    </ClCompile>
    <ClCompile Include="src\primer\glsl\Glsl.cpp">
      <Filter>源文件</Filter>
    </ClCompile>
    <ClCompile Include="src\primer\texture\Texture.cpp">
      <Filter>源文件</Filter>
    </ClCompile>
    <ClCompile Include="src\tools\stb_mage.cpp">
      <Filter>源文件</Filter>
    </ClCompile>
    <ClCompile Include="src\primer\transform\Transform.cpp">
      <Filter>源文件</Filter>
    </ClCompile>
    <ClCompile Include="src\primer\cooridinate\Cooridinate.cpp">
      <Filter>源文件</Filter>
    </ClCompile>
    <ClCompile Include="src\primer\camera\CameraLession.cpp">
      <Filter>源文件</Filter>
    </ClCompile>
    <ClCompile Include="src\tools\Camera.cpp">
      <Filter>源文件</Filter>
    </ClCompile>
    <ClCompile Include="src\light\color\Color.cpp">
      <Filter>源文件</Filter>
    </ClCompile>
    <ClCompile Include="src\light\base_light\BaseLight.cpp">
      <Filter>源文件</Filter>
    </ClCompile>
    <ClCompile Include="src\light\material\Material.cpp">
      <Filter>源文件</Filter>
    </ClCompile>
    <ClCompile Include="src\light\light_texture\LightTexture.cpp">
      <Filter>源文件</Filter>
    </ClCompile>
    <ClCompile Include="src\light\cast_light\CastLight.cpp">
      <Filter>源文件</Filter>
    </ClCompile>
    <ClCompile Include="src\light\multiple_lights\MultipleLights.cpp">
      <Filter>源文件</Filter>
    </ClCompile>
    <ClCompile Include="src\advance\frame_buffer\FrameBuffer.cpp">
      <Filter>源文件</Filter>
    </ClCompile>
    <ClCompile Include="src\advanced_lighting\shadow\shadow_mapping\ShadowMapping.cpp">
      <Filter>源文件</Filter>
    </ClCompile>
    <ClCompile Include="src\advanced_lighting\shadow\shadow_mapping\save.cpp">
      <Filter>源文件</Filter>
    </ClCompile>
    <ClCompile Include="src\advanced_lighting\point_shadow\PointShadow.cpp">
      <Filter>源文件</Filter>
    </ClCompile>
    <ClCompile Include="src\advance\cube_map\CubeMap.cpp">
      <Filter>源文件</Filter>
    </ClCompile>
    <ClCompile Include="src\tools\common_tools.cpp">
      <Filter>源文件</Filter>
    </ClCompile>
    <ClCompile Include="src\advanced_lighting\normal_mapping\NormalMapping.cpp">
      <Filter>源文件</Filter>
    </ClCompile>
    <ClCompile Include="src\advanced_lighting\parallax_mapping\ParallaxMapping.cpp">
      <Filter>源文件</Filter>
    </ClCompile>
  </ItemGroup>
  <ItemGroup>
    <ClInclude Include="src\test.h">
      <Filter>头文件</Filter>
    </ClInclude>
    <ClInclude Include="src\primer\HelloTriangle\HelloTriangle.h">
      <Filter>头文件</Filter>
    </ClInclude>
    <ClInclude Include="src\tools\shader.h">
      <Filter>头文件</Filter>
    </ClInclude>
    <ClInclude Include="src\primer\glsl\Glsl.h">
      <Filter>头文件</Filter>
    </ClInclude>
    <ClInclude Include="src\primer\texture\Texture.h">
      <Filter>头文件</Filter>
    </ClInclude>
    <ClInclude Include="src\tools\stb_image.h">
      <Filter>头文件</Filter>
    </ClInclude>
    <ClInclude Include="src\primer\transform\Transform.h">
      <Filter>头文件</Filter>
    </ClInclude>
    <ClInclude Include="src\primer\cooridinate\Cooridinate.h">
      <Filter>头文件</Filter>
    </ClInclude>
    <ClInclude Include="src\primer\camera\CameraLession.h">
      <Filter>头文件</Filter>
    </ClInclude>
    <ClInclude Include="src\tools\Camera.h">
      <Filter>头文件</Filter>
    </ClInclude>
    <ClInclude Include="src\light\color\Color.h">
      <Filter>头文件</Filter>
    </ClInclude>
    <ClInclude Include="src\light\base_light\BaseLight.h">
      <Filter>头文件</Filter>
    </ClInclude>
    <ClInclude Include="src\light\material\Material.h">
      <Filter>头文件</Filter>
    </ClInclude>
    <ClInclude Include="src\light\light_texture\LightTexture.h">
      <Filter>头文件</Filter>
    </ClInclude>
    <ClInclude Include="src\light\cast_light\CastLight.h">
      <Filter>头文件</Filter>
    </ClInclude>
    <ClInclude Include="src\light\multiple_lights\MultipleLights.h">
      <Filter>头文件</Filter>
    </ClInclude>
    <ClInclude Include="src\advance\frame_buffer\FrameBuffer.h">
      <Filter>头文件</Filter>
    </ClInclude>
    <ClInclude Include="src\advanced_lighting\shadow\shadow_mapping\ShadowMapping.h">
      <Filter>头文件</Filter>
    </ClInclude>
    <ClInclude Include="src\advanced_lighting\point_shadow\PointShadow.h">
      <Filter>头文件</Filter>
    </ClInclude>
    <ClInclude Include="src\advance\cube_map\CubeMap.h">
      <Filter>头文件</Filter>
    </ClInclude>
    <ClInclude Include="src\tools\common_tools.h">
      <Filter>头文件</Filter>
    </ClInclude>
    <ClInclude Include="src\advanced_lighting\normal_mapping\NormalMapping.h">
      <Filter>头文件</Filter>
    </ClInclude>
    <ClInclude Include="src\advanced_lighting\parallax_mapping\ParallaxMapping.h">
      <Filter>头文件</Filter>
    </ClInclude>
  </ItemGroup>
  <ItemGroup>
    <None Include="src\primer\glsl\vertex.shader" />
    <None Include="src\primer\glsl\fragment.shader" />
    <None Include="src\primer\texture\fragment.shader" />
    <None Include="src\primer\texture\vertex.shader" />
    <None Include="src\primer\transform\vertex.shader" />
    <None Include="src\primer\transform\fragment.shader" />
    <None Include="src\primer\cooridinate\fragment.shader" />
    <None Include="src\primer\cooridinate\vertex.shader" />
    <None Include="src\primer\camera\fragment.shader" />
    <None Include="src\primer\camera\vertex.shader" />
    <None Include="src\light\color\fragment.shader" />
    <None Include="src\light\color\light_fragment.shader" />
    <None Include="src\light\color\vertex.shader" />
    <None Include="src\light\material\fragment.shader" />
    <None Include="src\light\material\light_fragment.shader" />
    <None Include="src\light\material\vertex.shader" />
    <None Include="src\light\light_texture\fragment.shader" />
    <None Include="src\light\light_texture\light_fragment.shader" />
    <None Include="src\light\light_texture\vertex.shader" />
    <None Include="src\light\cast_light\fragment.shader" />
    <None Include="src\light\cast_light\light_fragment.shader" />
    <None Include="src\light\cast_light\vertex.shader" />
    <None Include="src\light\multiple_lights\fragment.shader" />
    <None Include="src\light\multiple_lights\light_fragment.shader" />
    <None Include="src\light\multiple_lights\vertex.shader" />
    <None Include="src\advance\frame_buffer\frame_buffer.fs" />
    <None Include="src\advance\frame_buffer\frame_buffer.vs" />
    <None Include="src\advance\frame_buffer\scene_shader.fs" />
    <None Include="src\advance\frame_buffer\scene_shader.vs" />
    <None Include="src\advanced_lighting\shadow\shadow_mapping\fs.shader" />
    <None Include="src\advanced_lighting\shadow\shadow_mapping\simple_depth_fs.shader" />
    <None Include="src\advanced_lighting\shadow\shadow_mapping\simple_depth_vs.shader" />
    <None Include="src\advanced_lighting\shadow\shadow_mapping\vs.shader" />
    <None Include="src\advanced_lighting\shadow\shadow_mapping\box_vs.shader" />
    <None Include="src\advanced_lighting\shadow\shadow_mapping\box_fs.shader" />
    <None Include="src\advance\cube_map\scene_shader.fs" />
    <None Include="src\advance\cube_map\scene_shader.vs" />
    <None Include="src\advance\cube_map\sky.fs" />
    <None Include="src\advance\cube_map\sky.vs" />
    <None Include="src\advanced_lighting\point_shadow\fs.shader" />
    <None Include="src\advanced_lighting\point_shadow\vs.shader" />
    <None Include="src\advanced_lighting\point_shadow\simple_depth_vs.shader" />
    <None Include="src\advanced_lighting\point_shadow\simple_depth_fs.shader" />
    <None Include="src\advanced_lighting\point_shadow\simple_depth_gs.shader" />
    <None Include="src\advanced_lighting\normal_mapping\vs.shader" />
    <None Include="src\advanced_lighting\normal_mapping\fs.shader" />
    <None Include="src\advanced_lighting\parallax_mapping\vs.shader" />
    <None Include="src\advanced_lighting\parallax_mapping\fs.shader" />
  </ItemGroup>
  <ItemGroup>
    <Image Include="res\image\awesomeface.png">
      <Filter>资源文件</Filter>
    </Image>
    <Image Include="res\image\container.jpg">
      <Filter>资源文件</Filter>
    </Image>
    <Image Include="res\image\container2.png">
      <Filter>资源文件</Filter>
    </Image>
    <Image Include="res\image\container2_specular.png">
      <Filter>资源文件</Filter>
    </Image>
    <Image Include="res\image\happy_photo.jpg">
      <Filter>资源文件</Filter>
    </Image>
    <Image Include="res\image\happy_photo2.jpg">
      <Filter>资源文件</Filter>
    </Image>
    <Image Include="res\image\wood.png">
      <Filter>资源文件</Filter>
    </Image>
    <Image Include="res\image\cube_map\back.jpg">
      <Filter>资源文件</Filter>
    </Image>
    <Image Include="res\image\cube_map\bottom.jpg">
      <Filter>资源文件</Filter>
    </Image>
    <Image Include="res\image\cube_map\front.jpg">
      <Filter>资源文件</Filter>
    </Image>
    <Image Include="res\image\cube_map\left.jpg">
      <Filter>资源文件</Filter>
    </Image>
    <Image Include="res\image\cube_map\right.jpg">
      <Filter>资源文件</Filter>
    </Image>
    <Image Include="res\image\cube_map\top.jpg">
      <Filter>资源文件</Filter>
    </Image>
  </ItemGroup>
</Project>